
Microsoft Visual Studio Solution File, Format Version 12.00
# Visual Studio 15
VisualStudioVersion = 15.0.27428.2015
MinimumVisualStudioVersion = 10.0.40219.1
Project("{8BC9CEB8-8B4A-11D0-8D11-00A0C91BC942}") = "Start_01", "Start_01\Start_01.vcxproj", "{56E2EB25-2EDF-4DB6-BA60-49B66E991EDB}"
EndProject
Project("{8BC9CEB8-8B4A-11D0-8D11-00A0C91BC942}") = "Vector_02", "Vector_02\Vector_02.vcxproj", "{A7025E80-1E3C-4513-A364-A65CB4EDE597}"
EndProject
Project("{8BC9CEB8-8B4A-11D0-8D11-00A0C91BC942}") = "Matrix_02", "Matrix_02\Matrix_02.vcxproj", "{61AB83C0-60B3-42DD-9CBC-42ABBA6622CE}"
EndProject
Project("{8BC9CEB8-8B4A-11D0-8D11-00A0C91BC942}") = "04_init_d3d", "04_init_d3d\04_init_d3d.vcxproj", "{54CEAFC8-BEC2-471F-A6BB-41BAAEC3F253}"
EndProject
Project("{8BC9CEB8-8B4A-11D0-8D11-00A0C91BC942}") = "05_draw_pyramid", "05_draw_pyramid\05_draw_pyramid.vcxproj", "{9ECB27F3-7F77-4344-98C3-40C0469064C0}"
EndProject
Project("{8BC9CEB8-8B4A-11D0-8D11-00A0C91BC942}") = "06_Terrain", "06_Terrain\06_Terrain.vcxproj", "{CF67D7EA-EE10-4511-B983-936205CB0167}"
EndProject
Project("{8BC9CEB8-8B4A-11D0-8D11-00A0C91BC942}") = "06_Light", "06_Light\06_Light.vcxproj", "{DE2EBF53-CEAD-41E7-8BF8-D016A3BE85E5}"
EndProject
Project("{8BC9CEB8-8B4A-11D0-8D11-00A0C91BC942}") = "06_Skull", "06_Skull\06_Skull.vcxproj", "{1849EB86-FE0B-4675-867C-300AAA613B1E}"
EndProject
Global
	GlobalSection(SolutionConfigurationPlatforms) = preSolution
		Debug|x64 = Debug|x64
		Debug|x86 = Debug|x86
		Release|x64 = Release|x64
		Release|x86 = Release|x86
	EndGlobalSection
	GlobalSection(ProjectConfigurationPlatforms) = postSolution
		{56E2EB25-2EDF-4DB6-BA60-49B66E991EDB}.Debug|x64.ActiveCfg = Debug|x64
		{56E2EB25-2EDF-4DB6-BA60-49B66E991EDB}.Debug|x64.Build.0 = Debug|x64
		{56E2EB25-2EDF-4DB6-BA60-49B66E991EDB}.Debug|x86.ActiveCfg = Debug|Win32
		{56E2EB25-2EDF-4DB6-BA60-49B66E991EDB}.Debug|x86.Build.0 = Debug|Win32
		{56E2EB25-2EDF-4DB6-BA60-49B66E991EDB}.Release|x64.ActiveCfg = Release|x64
		{56E2EB25-2EDF-4DB6-BA60-49B66E991EDB}.Release|x64.Build.0 = Release|x64
		{56E2EB25-2EDF-4DB6-BA60-49B66E991EDB}.Release|x86.ActiveCfg = Release|Win32
		{56E2EB25-2EDF-4DB6-BA60-49B66E991EDB}.Release|x86.Build.0 = Release|Win32
		{A7025E80-1E3C-4513-A364-A65CB4EDE597}.Debug|x64.ActiveCfg = Debug|x64
		{A7025E80-1E3C-4513-A364-A65CB4EDE597}.Debug|x64.Build.0 = Debug|x64
		{A7025E80-1E3C-4513-A364-A65CB4EDE597}.Debug|x86.ActiveCfg = Debug|Win32
		{A7025E80-1E3C-4513-A364-A65CB4EDE597}.Debug|x86.Build.0 = Debug|Win32
		{A7025E80-1E3C-4513-A364-A65CB4EDE597}.Release|x64.ActiveCfg = Release|x64
		{A7025E80-1E3C-4513-A364-A65CB4EDE597}.Release|x64.Build.0 = Release|x64
		{A7025E80-1E3C-4513-A364-A65CB4EDE597}.Release|x86.ActiveCfg = Release|Win32
		{A7025E80-1E3C-4513-A364-A65CB4EDE597}.Release|x86.Build.0 = Release|Win32
		{61AB83C0-60B3-42DD-9CBC-42ABBA6622CE}.Debug|x64.ActiveCfg = Debug|x64
		{61AB83C0-60B3-42DD-9CBC-42ABBA6622CE}.Debug|x64.Build.0 = Debug|x64
		{61AB83C0-60B3-42DD-9CBC-42ABBA6622CE}.Debug|x86.ActiveCfg = Debug|Win32
		{61AB83C0-60B3-42DD-9CBC-42ABBA6622CE}.Debug|x86.Build.0 = Debug|Win32
		{61AB83C0-60B3-42DD-9CBC-42ABBA6622CE}.Release|x64.ActiveCfg = Release|x64
		{61AB83C0-60B3-42DD-9CBC-42ABBA6622CE}.Release|x64.Build.0 = Release|x64
		{61AB83C0-60B3-42DD-9CBC-42ABBA6622CE}.Release|x86.ActiveCfg = Release|Win32
		{61AB83C0-60B3-42DD-9CBC-42ABBA6622CE}.Release|x86.Build.0 = Release|Win32
		{54CEAFC8-BEC2-471F-A6BB-41BAAEC3F253}.Debug|x64.ActiveCfg = Debug|x64
		{54CEAFC8-BEC2-471F-A6BB-41BAAEC3F253}.Debug|x64.Build.0 = Debug|x64
		{54CEAFC8-BEC2-471F-A6BB-41BAAEC3F253}.Debug|x86.ActiveCfg = Debug|Win32
		{54CEAFC8-BEC2-471F-A6BB-41BAAEC3F253}.Debug|x86.Build.0 = Debug|Win32
		{54CEAFC8-BEC2-471F-A6BB-41BAAEC3F253}.Release|x64.ActiveCfg = Release|x64
		{54CEAFC8-BEC2-471F-A6BB-41BAAEC3F253}.Release|x64.Build.0 = Release|x64
		{54CEAFC8-BEC2-471F-A6BB-41BAAEC3F253}.Release|x86.ActiveCfg = Release|Win32
		{54CEAFC8-BEC2-471F-A6BB-41BAAEC3F253}.Release|x86.Build.0 = Release|Win32
		{9ECB27F3-7F77-4344-98C3-40C0469064C0}.Debug|x64.ActiveCfg = Debug|x64
		{9ECB27F3-7F77-4344-98C3-40C0469064C0}.Debug|x64.Build.0 = Debug|x64
		{9ECB27F3-7F77-4344-98C3-40C0469064C0}.Debug|x86.ActiveCfg = Debug|Win32
		{9ECB27F3-7F77-4344-98C3-40C0469064C0}.Debug|x86.Build.0 = Debug|Win32
		{9ECB27F3-7F77-4344-98C3-40C0469064C0}.Release|x64.ActiveCfg = Release|x64
		{9ECB27F3-7F77-4344-98C3-40C0469064C0}.Release|x64.Build.0 = Release|x64
		{9ECB27F3-7F77-4344-98C3-40C0469064C0}.Release|x86.ActiveCfg = Release|Win32
		{9ECB27F3-7F77-4344-98C3-40C0469064C0}.Release|x86.Build.0 = Release|Win32
		{CF67D7EA-EE10-4511-B983-936205CB0167}.Debug|x64.ActiveCfg = Debug|x64
		{CF67D7EA-EE10-4511-B983-936205CB0167}.Debug|x64.Build.0 = Debug|x64
		{CF67D7EA-EE10-4511-B983-936205CB0167}.Debug|x86.ActiveCfg = Debug|Win32
		{CF67D7EA-EE10-4511-B983-936205CB0167}.Debug|x86.Build.0 = Debug|Win32
		{CF67D7EA-EE10-4511-B983-936205CB0167}.Release|x64.ActiveCfg = Release|x64
		{CF67D7EA-EE10-4511-B983-936205CB0167}.Release|x64.Build.0 = Release|x64
		{CF67D7EA-EE10-4511-B983-936205CB0167}.Release|x86.ActiveCfg = Release|Win32
		{CF67D7EA-EE10-4511-B983-936205CB0167}.Release|x86.Build.0 = Release|Win32
		{DE2EBF53-CEAD-41E7-8BF8-D016A3BE85E5}.Debug|x64.ActiveCfg = Debug|x64
		{DE2EBF53-CEAD-41E7-8BF8-D016A3BE85E5}.Debug|x64.Build.0 = Debug|x64
		{DE2EBF53-CEAD-41E7-8BF8-D016A3BE85E5}.Debug|x86.ActiveCfg = Debug|Win32
		{DE2EBF53-CEAD-41E7-8BF8-D016A3BE85E5}.Debug|x86.Build.0 = Debug|Win32
		{DE2EBF53-CEAD-41E7-8BF8-D016A3BE85E5}.Release|x64.ActiveCfg = Release|x64
		{DE2EBF53-CEAD-41E7-8BF8-D016A3BE85E5}.Release|x64.Build.0 = Release|x64
		{DE2EBF53-CEAD-41E7-8BF8-D016A3BE85E5}.Release|x86.ActiveCfg = Release|Win32
		{DE2EBF53-CEAD-41E7-8BF8-D016A3BE85E5}.Release|x86.Build.0 = Release|Win32
		{1849EB86-FE0B-4675-867C-300AAA613B1E}.Debug|x64.ActiveCfg = Debug|x64
		{1849EB86-FE0B-4675-867C-300AAA613B1E}.Debug|x64.Build.0 = Debug|x64
		{1849EB86-FE0B-4675-867C-300AAA613B1E}.Debug|x86.ActiveCfg = Debug|Win32
		{1849EB86-FE0B-4675-867C-300AAA613B1E}.Debug|x86.Build.0 = Debug|Win32
		{1849EB86-FE0B-4675-867C-300AAA613B1E}.Release|x64.ActiveCfg = Release|x64
		{1849EB86-FE0B-4675-867C-300AAA613B1E}.Release|x64.Build.0 = Release|x64
		{1849EB86-FE0B-4675-867C-300AAA613B1E}.Release|x86.ActiveCfg = Release|Win32
		{1849EB86-FE0B-4675-867C-300AAA613B1E}.Release|x86.Build.0 = Release|Win32
	EndGlobalSection
	GlobalSection(SolutionProperties) = preSolution
		HideSolutionNode = FALSE
	EndGlobalSection
	GlobalSection(ExtensibilityGlobals) = postSolution
		SolutionGuid = {66EDBEED-E6C8-4DC3-B218-950A7DB23EE2}
	EndGlobalSection
EndGlobal
